
Microsoft Visual Studio Solution File, Format Version 12.00
# Visual Studio Version 16
VisualStudioVersion = 16.0.30413.136
MinimumVisualStudioVersion = 10.0.40219.1
Project("{FAE04EC0-301F-11D3-BF4B-00C04F79EFBC}") = "AgendaApp.Android", "AgendaApp\AgendaApp.Android\AgendaApp.Android.csproj", "{319E3B8F-A787-4396-BD7B-230243D882FA}"
EndProject
Project("{FAE04EC0-301F-11D3-BF4B-00C04F79EFBC}") = "AgendaApp.iOS", "AgendaApp\AgendaApp.iOS\AgendaApp.iOS.csproj", "{8D05EC17-43D1-4415-8926-9FAEF3A00398}"
EndProject
Project("{FAE04EC0-301F-11D3-BF4B-00C04F79EFBC}") = "AgendaApp", "AgendaApp\AgendaApp\AgendaApp.csproj", "{092B99E9-CF63-43B2-B5E9-F0D550A6B944}"
EndProject
Global
	GlobalSection(SolutionConfigurationPlatforms) = preSolution
		Debug|Any CPU = Debug|Any CPU
		Debug|iPhone = Debug|iPhone
		Debug|iPhoneSimulator = Debug|iPhoneSimulator
		Release|Any CPU = Release|Any CPU
		Release|iPhone = Release|iPhone
		Release|iPhoneSimulator = Release|iPhoneSimulator
	EndGlobalSection
	GlobalSection(ProjectConfigurationPlatforms) = postSolution
		{319E3B8F-A787-4396-BD7B-230243D882FA}.Debug|Any CPU.ActiveCfg = Debug|Any CPU
		{319E3B8F-A787-4396-BD7B-230243D882FA}.Debug|Any CPU.Build.0 = Debug|Any CPU
		{319E3B8F-A787-4396-BD7B-230243D882FA}.Debug|Any CPU.Deploy.0 = Debug|Any CPU
		{319E3B8F-A787-4396-BD7B-230243D882FA}.Debug|iPhone.ActiveCfg = Debug|Any CPU
		{319E3B8F-A787-4396-BD7B-230243D882FA}.Debug|iPhone.Build.0 = Debug|Any CPU
		{319E3B8F-A787-4396-BD7B-230243D882FA}.Debug|iPhone.Deploy.0 = Debug|Any CPU
		{319E3B8F-A787-4396-BD7B-230243D882FA}.Debug|iPhoneSimulator.ActiveCfg = Debug|Any CPU
		{319E3B8F-A787-4396-BD7B-230243D882FA}.Debug|iPhoneSimulator.Build.0 = Debug|Any CPU
		{319E3B8F-A787-4396-BD7B-230243D882FA}.Debug|iPhoneSimulator.Deploy.0 = Debug|Any CPU
		{319E3B8F-A787-4396-BD7B-230243D882FA}.Release|Any CPU.ActiveCfg = Release|Any CPU
		{319E3B8F-A787-4396-BD7B-230243D882FA}.Release|Any CPU.Build.0 = Release|Any CPU
		{319E3B8F-A787-4396-BD7B-230243D882FA}.Release|Any CPU.Deploy.0 = Release|Any CPU
		{319E3B8F-A787-4396-BD7B-230243D882FA}.Release|iPhone.ActiveCfg = Release|Any CPU
		{319E3B8F-A787-4396-BD7B-230243D882FA}.Release|iPhone.Build.0 = Release|Any CPU
		{319E3B8F-A787-4396-BD7B-230243D882FA}.Release|iPhone.Deploy.0 = Release|Any CPU
		{319E3B8F-A787-4396-BD7B-230243D882FA}.Release|iPhoneSimulator.ActiveCfg = Release|Any CPU
		{319E3B8F-A787-4396-BD7B-230243D882FA}.Release|iPhoneSimulator.Build.0 = Release|Any CPU
		{319E3B8F-A787-4396-BD7B-230243D882FA}.Release|iPhoneSimulator.Deploy.0 = Release|Any CPU
		{8D05EC17-43D1-4415-8926-9FAEF3A00398}.Debug|Any CPU.ActiveCfg = Debug|iPhone
		{8D05EC17-43D1-4415-8926-9FAEF3A00398}.Debug|Any CPU.Build.0 = Debug|iPhone
		{8D05EC17-43D1-4415-8926-9FAEF3A00398}.Debug|Any CPU.Deploy.0 = Debug|iPhone
		{8D05EC17-43D1-4415-8926-9FAEF3A00398}.Debug|iPhone.ActiveCfg = Debug|iPhone
		{8D05EC17-43D1-4415-8926-9FAEF3A00398}.Debug|iPhone.Build.0 = Debug|iPhone
		{8D05EC17-43D1-4415-8926-9FAEF3A00398}.Debug|iPhone.Deploy.0 = Debug|iPhone
		{8D05EC17-43D1-4415-8926-9FAEF3A00398}.Debug|iPhoneSimulator.ActiveCfg = Debug|iPhoneSimulator
		{8D05EC17-43D1-4415-8926-9FAEF3A00398}.Debug|iPhoneSimulator.Build.0 = Debug|iPhoneSimulator
		{8D05EC17-43D1-4415-8926-9FAEF3A00398}.Debug|iPhoneSimulator.Deploy.0 = Debug|iPhoneSimulator
		{8D05EC17-43D1-4415-8926-9FAEF3A00398}.Release|Any CPU.ActiveCfg = Release|iPhone
		{8D05EC17-43D1-4415-8926-9FAEF3A00398}.Release|Any CPU.Build.0 = Release|iPhone
		{8D05EC17-43D1-4415-8926-9FAEF3A00398}.Release|Any CPU.Deploy.0 = Release|iPhone
		{8D05EC17-43D1-4415-8926-9FAEF3A00398}.Release|iPhone.ActiveCfg = Release|iPhone
		{8D05EC17-43D1-4415-8926-9FAEF3A00398}.Release|iPhone.Build.0 = Release|iPhone
		{8D05EC17-43D1-4415-8926-9FAEF3A00398}.Release|iPhone.Deploy.0 = Release|iPhone
		{8D05EC17-43D1-4415-8926-9FAEF3A00398}.Release|iPhoneSimulator.ActiveCfg = Release|iPhoneSimulator
		{8D05EC17-43D1-4415-8926-9FAEF3A00398}.Release|iPhoneSimulator.Build.0 = Release|iPhoneSimulator
		{8D05EC17-43D1-4415-8926-9FAEF3A00398}.Release|iPhoneSimulator.Deploy.0 = Release|iPhoneSimulator
		{092B99E9-CF63-43B2-B5E9-F0D550A6B944}.Debug|Any CPU.ActiveCfg = Debug|Any CPU
		{092B99E9-CF63-43B2-B5E9-F0D550A6B944}.Debug|Any CPU.Build.0 = Debug|Any CPU
		{092B99E9-CF63-43B2-B5E9-F0D550A6B944}.Debug|Any CPU.Deploy.0 = Debug|Any CPU
		{092B99E9-CF63-43B2-B5E9-F0D550A6B944}.Debug|iPhone.ActiveCfg = Debug|Any CPU
		{092B99E9-CF63-43B2-B5E9-F0D550A6B944}.Debug|iPhone.Build.0 = Debug|Any CPU
		{092B99E9-CF63-43B2-B5E9-F0D550A6B944}.Debug|iPhone.Deploy.0 = Debug|Any CPU
		{092B99E9-CF63-43B2-B5E9-F0D550A6B944}.Debug|iPhoneSimulator.ActiveCfg = Debug|Any CPU
		{092B99E9-CF63-43B2-B5E9-F0D550A6B944}.Debug|iPhoneSimulator.Build.0 = Debug|Any CPU
		{092B99E9-CF63-43B2-B5E9-F0D550A6B944}.Debug|iPhoneSimulator.Deploy.0 = Debug|Any CPU
		{092B99E9-CF63-43B2-B5E9-F0D550A6B944}.Release|Any CPU.ActiveCfg = Release|Any CPU
		{092B99E9-CF63-43B2-B5E9-F0D550A6B944}.Release|Any CPU.Build.0 = Release|Any CPU
		{092B99E9-CF63-43B2-B5E9-F0D550A6B944}.Release|Any CPU.Deploy.0 = Release|Any CPU
		{092B99E9-CF63-43B2-B5E9-F0D550A6B944}.Release|iPhone.ActiveCfg = Release|Any CPU
		{092B99E9-CF63-43B2-B5E9-F0D550A6B944}.Release|iPhone.Build.0 = Release|Any CPU
		{092B99E9-CF63-43B2-B5E9-F0D550A6B944}.Release|iPhone.Deploy.0 = Release|Any CPU
		{092B99E9-CF63-43B2-B5E9-F0D550A6B944}.Release|iPhoneSimulator.ActiveCfg = Release|Any CPU
		{092B99E9-CF63-43B2-B5E9-F0D550A6B944}.Release|iPhoneSimulator.Build.0 = Release|Any CPU
		{092B99E9-CF63-43B2-B5E9-F0D550A6B944}.Release|iPhoneSimulator.Deploy.0 = Release|Any CPU
	EndGlobalSection
	GlobalSection(SolutionProperties) = preSolution
		HideSolutionNode = FALSE
	EndGlobalSection
	GlobalSection(ExtensibilityGlobals) = postSolution
		SolutionGuid = {A51401FE-7B2D-4828-AC17-AB1F8D0B5405}
	EndGlobalSection
EndGlobal
